
Microsoft Visual Studio Solution File, Format Version 12.00
# Visual Studio Version 17
VisualStudioVersion = 17.14.36518.9
MinimumVisualStudioVersion = 10.0.40219.1
Project("{FAE04EC0-301F-11D3-BF4B-00C04F79EFBC}") = "BlogApp.Core", "src\BlogApp.Core\BlogApp.Core.csproj", "{AF8269E7-76A3-4514-9B55-1C4E64B52EBA}"
EndProject
Project("{2150E333-8FDC-42A3-9474-1A3956D46DE8}") = "src", "src", "{02EA681E-C7D8-13C7-8484-4AC65E1B71E8}"
EndProject
Project("{FAE04EC0-301F-11D3-BF4B-00C04F79EFBC}") = "BlogApp.Core.Caching", "src\BlogApp.Core.Caching\BlogApp.Core.Caching.csproj", "{7B548228-484C-41BA-B4E9-92BBF645F3E9}"
EndProject
Project("{FAE04EC0-301F-11D3-BF4B-00C04F79EFBC}") = "BlogApp.Core.EFCore", "src\BlogApp.Core.EFCore\BlogApp.Core.EFCore.csproj", "{5DFEFA49-E4A8-4317-ACD4-B64EA1D097AE}"
EndProject
Project("{FAE04EC0-301F-11D3-BF4B-00C04F79EFBC}") = "BlogApp.Core.Logging", "src\BlogApp.Core.Logging\BlogApp.Core.Logging.csproj", "{15C77282-B81D-4F79-8DCF-8D90F53AA534}"
EndProject
Project("{FAE04EC0-301F-11D3-BF4B-00C04F79EFBC}") = "BlogApp.Domain", "src\BlogApp.Domain\BlogApp.Domain.csproj", "{D02942EF-8894-4A24-B2F0-7DFC3F5B6206}"
EndProject
Project("{FAE04EC0-301F-11D3-BF4B-00C04F79EFBC}") = "BlogApp.Infrastructure", "src\BlogApp.Infrastructure\BlogApp.Infrastructure.csproj", "{57308F7E-4C63-4CED-90A9-6FF031310021}"
EndProject
Project("{FAE04EC0-301F-11D3-BF4B-00C04F79EFBC}") = "BlogApp.Api", "src\BlogApp.Api\BlogApp.Api.csproj", "{D81C7622-D89B-44FE-A224-63DB3855311D}"
EndProject
Project("{FAE04EC0-301F-11D3-BF4B-00C04F79EFBC}") = "BlogApp.Application", "src\BlogApp.Application\BlogApp.Application.csproj", "{666663F1-B606-4655-B4FD-2D5E7A099149}"
EndProject
Project("{FAE04EC0-301F-11D3-BF4B-00C04F79EFBC}") = "BlogApp.Core.Mediator", "src\BlogApp.Core.Mediator\BlogApp.Core.Mediator.csproj", "{3DFBC592-8B8E-40C3-9865-8281582B93A6}"
EndProject
Project("{FAE04EC0-301F-11D3-BF4B-00C04F79EFBC}") = "BlogApp.Core.Security", "src\BlogApp.Core.Security\BlogApp.Core.Security.csproj", "{E972017E-C7AA-4DB2-95EA-0D1E22FBBB01}"
EndProject
Global
	GlobalSection(SolutionConfigurationPlatforms) = preSolution
		Debug|Any CPU = Debug|Any CPU
		Release|Any CPU = Release|Any CPU
	EndGlobalSection
	GlobalSection(ProjectConfigurationPlatforms) = postSolution
		{AF8269E7-76A3-4514-9B55-1C4E64B52EBA}.Debug|Any CPU.ActiveCfg = Debug|Any CPU
		{AF8269E7-76A3-4514-9B55-1C4E64B52EBA}.Debug|Any CPU.Build.0 = Debug|Any CPU
		{AF8269E7-76A3-4514-9B55-1C4E64B52EBA}.Release|Any CPU.ActiveCfg = Release|Any CPU
		{AF8269E7-76A3-4514-9B55-1C4E64B52EBA}.Release|Any CPU.Build.0 = Release|Any CPU
		{7B548228-484C-41BA-B4E9-92BBF645F3E9}.Debug|Any CPU.ActiveCfg = Debug|Any CPU
		{7B548228-484C-41BA-B4E9-92BBF645F3E9}.Debug|Any CPU.Build.0 = Debug|Any CPU
		{7B548228-484C-41BA-B4E9-92BBF645F3E9}.Release|Any CPU.ActiveCfg = Release|Any CPU
		{7B548228-484C-41BA-B4E9-92BBF645F3E9}.Release|Any CPU.Build.0 = Release|Any CPU
		{5DFEFA49-E4A8-4317-ACD4-B64EA1D097AE}.Debug|Any CPU.ActiveCfg = Debug|Any CPU
		{5DFEFA49-E4A8-4317-ACD4-B64EA1D097AE}.Debug|Any CPU.Build.0 = Debug|Any CPU
		{5DFEFA49-E4A8-4317-ACD4-B64EA1D097AE}.Release|Any CPU.ActiveCfg = Release|Any CPU
		{5DFEFA49-E4A8-4317-ACD4-B64EA1D097AE}.Release|Any CPU.Build.0 = Release|Any CPU
		{15C77282-B81D-4F79-8DCF-8D90F53AA534}.Debug|Any CPU.ActiveCfg = Debug|Any CPU
		{15C77282-B81D-4F79-8DCF-8D90F53AA534}.Debug|Any CPU.Build.0 = Debug|Any CPU
		{15C77282-B81D-4F79-8DCF-8D90F53AA534}.Release|Any CPU.ActiveCfg = Release|Any CPU
		{15C77282-B81D-4F79-8DCF-8D90F53AA534}.Release|Any CPU.Build.0 = Release|Any CPU
		{D02942EF-8894-4A24-B2F0-7DFC3F5B6206}.Debug|Any CPU.ActiveCfg = Debug|Any CPU
		{D02942EF-8894-4A24-B2F0-7DFC3F5B6206}.Debug|Any CPU.Build.0 = Debug|Any CPU
		{D02942EF-8894-4A24-B2F0-7DFC3F5B6206}.Release|Any CPU.ActiveCfg = Release|Any CPU
		{D02942EF-8894-4A24-B2F0-7DFC3F5B6206}.Release|Any CPU.Build.0 = Release|Any CPU
		{57308F7E-4C63-4CED-90A9-6FF031310021}.Debug|Any CPU.ActiveCfg = Debug|Any CPU
		{57308F7E-4C63-4CED-90A9-6FF031310021}.Debug|Any CPU.Build.0 = Debug|Any CPU
		{57308F7E-4C63-4CED-90A9-6FF031310021}.Release|Any CPU.ActiveCfg = Release|Any CPU
		{57308F7E-4C63-4CED-90A9-6FF031310021}.Release|Any CPU.Build.0 = Release|Any CPU
		{D81C7622-D89B-44FE-A224-63DB3855311D}.Debug|Any CPU.ActiveCfg = Debug|Any CPU
		{D81C7622-D89B-44FE-A224-63DB3855311D}.Debug|Any CPU.Build.0 = Debug|Any CPU
		{D81C7622-D89B-44FE-A224-63DB3855311D}.Release|Any CPU.ActiveCfg = Release|Any CPU
		{D81C7622-D89B-44FE-A224-63DB3855311D}.Release|Any CPU.Build.0 = Release|Any CPU
		{666663F1-B606-4655-B4FD-2D5E7A099149}.Debug|Any CPU.ActiveCfg = Debug|Any CPU
		{666663F1-B606-4655-B4FD-2D5E7A099149}.Debug|Any CPU.Build.0 = Debug|Any CPU
		{666663F1-B606-4655-B4FD-2D5E7A099149}.Release|Any CPU.ActiveCfg = Release|Any CPU
		{666663F1-B606-4655-B4FD-2D5E7A099149}.Release|Any CPU.Build.0 = Release|Any CPU
		{3DFBC592-8B8E-40C3-9865-8281582B93A6}.Debug|Any CPU.ActiveCfg = Debug|Any CPU
		{3DFBC592-8B8E-40C3-9865-8281582B93A6}.Debug|Any CPU.Build.0 = Debug|Any CPU
		{3DFBC592-8B8E-40C3-9865-8281582B93A6}.Release|Any CPU.ActiveCfg = Release|Any CPU
		{3DFBC592-8B8E-40C3-9865-8281582B93A6}.Release|Any CPU.Build.0 = Release|Any CPU
		{E972017E-C7AA-4DB2-95EA-0D1E22FBBB01}.Debug|Any CPU.ActiveCfg = Debug|Any CPU
		{E972017E-C7AA-4DB2-95EA-0D1E22FBBB01}.Debug|Any CPU.Build.0 = Debug|Any CPU
		{E972017E-C7AA-4DB2-95EA-0D1E22FBBB01}.Release|Any CPU.ActiveCfg = Release|Any CPU
		{E972017E-C7AA-4DB2-95EA-0D1E22FBBB01}.Release|Any CPU.Build.0 = Release|Any CPU
	EndGlobalSection
	GlobalSection(SolutionProperties) = preSolution
		HideSolutionNode = FALSE
	EndGlobalSection
	GlobalSection(NestedProjects) = preSolution
		{AF8269E7-76A3-4514-9B55-1C4E64B52EBA} = {02EA681E-C7D8-13C7-8484-4AC65E1B71E8}
		{7B548228-484C-41BA-B4E9-92BBF645F3E9} = {02EA681E-C7D8-13C7-8484-4AC65E1B71E8}
		{5DFEFA49-E4A8-4317-ACD4-B64EA1D097AE} = {02EA681E-C7D8-13C7-8484-4AC65E1B71E8}
		{15C77282-B81D-4F79-8DCF-8D90F53AA534} = {02EA681E-C7D8-13C7-8484-4AC65E1B71E8}
		{D02942EF-8894-4A24-B2F0-7DFC3F5B6206} = {02EA681E-C7D8-13C7-8484-4AC65E1B71E8}
		{57308F7E-4C63-4CED-90A9-6FF031310021} = {02EA681E-C7D8-13C7-8484-4AC65E1B71E8}
		{D81C7622-D89B-44FE-A224-63DB3855311D} = {02EA681E-C7D8-13C7-8484-4AC65E1B71E8}
		{666663F1-B606-4655-B4FD-2D5E7A099149} = {02EA681E-C7D8-13C7-8484-4AC65E1B71E8}
		{3DFBC592-8B8E-40C3-9865-8281582B93A6} = {02EA681E-C7D8-13C7-8484-4AC65E1B71E8}
		{E972017E-C7AA-4DB2-95EA-0D1E22FBBB01} = {02EA681E-C7D8-13C7-8484-4AC65E1B71E8}
	EndGlobalSection
	GlobalSection(ExtensibilityGlobals) = postSolution
		SolutionGuid = {3B417B05-2CEA-4B1A-9732-D89DB090642A}
	EndGlobalSection
EndGlobal
